
Microsoft Visual Studio Solution File, Format Version 12.00
# Visual Studio Version 16
VisualStudioVersion = 16.0.29009.5
MinimumVisualStudioVersion = 10.0.40219.1
Project("{2150E333-8FDC-42A3-9474-1A3956D46DE8}") = "Libraries", "Libraries", "{17D7C3EB-9645-4ED0-9063-225E72C3DC8B}"
EndProject
Project("{9A19103F-16F7-4668-BE54-9A1E7A4F7556}") = "GeoVR.Shared", "GeoVR.Shared\GeoVR.Shared.csproj", "{C409E2FD-933C-4677-8846-43240C998A6F}"
EndProject
Project("{FAE04EC0-301F-11D3-BF4B-00C04F79EFBC}") = "GeoVR.Client", "GeoVR.Client\GeoVR.Client.csproj", "{D36AF179-EB0E-4CEF-AEE8-68ABD7ABDB38}"
EndProject
Project("{9A19103F-16F7-4668-BE54-9A1E7A4F7556}") = "GeoVR.Connection", "GeoVR.Connection\GeoVR.Connection.csproj", "{9B6AD12C-9219-4422-9ECC-3567BB4FD024}"
EndProject
Project("{9A19103F-16F7-4668-BE54-9A1E7A4F7556}") = "MessagePack.CryptoDto", "Libraries\MessagePack.CryptoDto\MessagePack.CryptoDto.csproj", "{28DDCE68-A71B-43B5-B428-C5DCF51EABB1}"
EndProject
Project("{9A19103F-16F7-4668-BE54-9A1E7A4F7556}") = "NaCl.Core", "Libraries\NaCl.Core\NaCl.Core.csproj", "{D513C107-531C-4F03-A380-60054219F25C}"
EndProject
Global
	GlobalSection(SolutionConfigurationPlatforms) = preSolution
		Debug|Any CPU = Debug|Any CPU
		Release|Any CPU = Release|Any CPU
	EndGlobalSection
	GlobalSection(ProjectConfigurationPlatforms) = postSolution
		{C409E2FD-933C-4677-8846-43240C998A6F}.Debug|Any CPU.ActiveCfg = Debug|Any CPU
		{C409E2FD-933C-4677-8846-43240C998A6F}.Debug|Any CPU.Build.0 = Debug|Any CPU
		{C409E2FD-933C-4677-8846-43240C998A6F}.Release|Any CPU.ActiveCfg = Release|Any CPU
		{C409E2FD-933C-4677-8846-43240C998A6F}.Release|Any CPU.Build.0 = Release|Any CPU
		{D36AF179-EB0E-4CEF-AEE8-68ABD7ABDB38}.Debug|Any CPU.ActiveCfg = Debug|Any CPU
		{D36AF179-EB0E-4CEF-AEE8-68ABD7ABDB38}.Debug|Any CPU.Build.0 = Debug|Any CPU
		{D36AF179-EB0E-4CEF-AEE8-68ABD7ABDB38}.Release|Any CPU.ActiveCfg = Release|Any CPU
		{D36AF179-EB0E-4CEF-AEE8-68ABD7ABDB38}.Release|Any CPU.Build.0 = Release|Any CPU
		{9B6AD12C-9219-4422-9ECC-3567BB4FD024}.Debug|Any CPU.ActiveCfg = Debug|Any CPU
		{9B6AD12C-9219-4422-9ECC-3567BB4FD024}.Debug|Any CPU.Build.0 = Debug|Any CPU
		{9B6AD12C-9219-4422-9ECC-3567BB4FD024}.Release|Any CPU.ActiveCfg = Release|Any CPU
		{9B6AD12C-9219-4422-9ECC-3567BB4FD024}.Release|Any CPU.Build.0 = Release|Any CPU
		{28DDCE68-A71B-43B5-B428-C5DCF51EABB1}.Debug|Any CPU.ActiveCfg = Debug|Any CPU
		{28DDCE68-A71B-43B5-B428-C5DCF51EABB1}.Debug|Any CPU.Build.0 = Debug|Any CPU
		{28DDCE68-A71B-43B5-B428-C5DCF51EABB1}.Release|Any CPU.ActiveCfg = Release|Any CPU
		{28DDCE68-A71B-43B5-B428-C5DCF51EABB1}.Release|Any CPU.Build.0 = Release|Any CPU
		{D513C107-531C-4F03-A380-60054219F25C}.Debug|Any CPU.ActiveCfg = Debug|Any CPU
		{D513C107-531C-4F03-A380-60054219F25C}.Debug|Any CPU.Build.0 = Debug|Any CPU
		{D513C107-531C-4F03-A380-60054219F25C}.Release|Any CPU.ActiveCfg = Release|Any CPU
		{D513C107-531C-4F03-A380-60054219F25C}.Release|Any CPU.Build.0 = Release|Any CPU
	EndGlobalSection
	GlobalSection(SolutionProperties) = preSolution
		HideSolutionNode = FALSE
	EndGlobalSection
	GlobalSection(NestedProjects) = preSolution
		{28DDCE68-A71B-43B5-B428-C5DCF51EABB1} = {17D7C3EB-9645-4ED0-9063-225E72C3DC8B}
		{D513C107-531C-4F03-A380-60054219F25C} = {17D7C3EB-9645-4ED0-9063-225E72C3DC8B}
	EndGlobalSection
	GlobalSection(ExtensibilityGlobals) = postSolution
		SolutionGuid = {A4845229-BD63-49B9-8B9F-309A65E56A0C}
	EndGlobalSection
	GlobalSection(Performance) = preSolution
		HasPerformanceSessions = true
	EndGlobalSection
EndGlobal
